Microsoft Visual Studio Solution File, Format Version 12.00
# Visual Studio 15
VisualStudioVersion = 15.0.26430.15
MinimumVisualStudioVersion = 10.0.40219.1
Project("{FAE04EC0-301F-11D3-BF4B-00C04F79EFBC}") = "ClientExample", "..\ConsoleApp1\ClientExample.csproj", "{A7D020C2-C9B9-46A1-912A-BC0106946188}"
EndProject
Project("{FAE04EC0-301F-11D3-BF4B-00C04F79EFBC}") = "COMPlusDotNet", "COMPlusDotNet.csproj", "{3E75B234-373B-424C-BDDE-D7FD6C07635E}"
EndProject
Global
	GlobalSection(SolutionConfigurationPlatforms) = preSolution
		Debug|Any CPU = Debug|Any CPU
		Release|Any CPU = Release|Any CPU
	EndGlobalSection
	GlobalSection(ProjectConfigurationPlatforms) = postSolution
		{A7D020C2-C9B9-46A1-912A-BC0106946188}.Debug|Any CPU.ActiveCfg = Debug|Any CPU
		{A7D020C2-C9B9-46A1-912A-BC0106946188}.Debug|Any CPU.Build.0 = Debug|Any CPU
		{A7D020C2-C9B9-46A1-912A-BC0106946188}.Release|Any CPU.ActiveCfg = Release|Any CPU
		{A7D020C2-C9B9-46A1-912A-BC0106946188}.Release|Any CPU.Build.0 = Release|Any CPU
		{3E75B234-373B-424C-BDDE-D7FD6C07635E}.Debug|Any CPU.ActiveCfg = Debug|Any CPU
		{3E75B234-373B-424C-BDDE-D7FD6C07635E}.Debug|Any CPU.Build.0 = Debug|Any CPU
		{3E75B234-373B-424C-BDDE-D7FD6C07635E}.Release|Any CPU.ActiveCfg = Release|Any CPU
		{3E75B234-373B-424C-BDDE-D7FD6C07635E}.Release|Any CPU.Build.0 = Release|Any CPU
	EndGlobalSection
	GlobalSection(SolutionProperties) = preSolution
		HideSolutionNode = FALSE
	EndGlobalSection
EndGlobal
